PODS:
  - Flutter (1.0.0)
  - screen_brightness_ios (2.1.3):
    - Flutter

DEPENDENCIES:
  - Flutter (from `Flutter`)
  - screen_brightness_ios (from `.symlinks/plugins/screen_brightness_ios/ios`)

EXTERNAL SOURCES:
  Flutter:
    :path: Flutter
  screen_brightness_ios:
    :path: ".symlinks/plugins/screen_brightness_ios/ios"

SPEC CHECKSUMS:
  Flutter: cabc95a1d2626b1b06e7179b784ebcf0c0cde467
  screen_brightness_ios: 212d950bb99c915eee971c884f4a6c87c92cd13d

PODFILE CHECKSUM: 0dbd5a87e0ace00c9610d2037ac22083a01f861d

COCOAPODS: 1.16.2
